// !$*UTF8*$!
{
	archiveVersion = 1;
	classes = {
	};
	objectVersion = 50;
	objects = {

/* Begin PBXBuildFile section */
		750FB41324D1A68300D42991 /* CCView.m in Sources */ = {isa = PBXBuildFile; fileRef = 750FB41224D1A68300D42991 /* CCView.m */; };
		754DF35724CED6DF0030B462 /* myDesk.png in Resources */ = {isa = PBXBuildFile; fileRef = 754DF35624CED6DF0030B462 /* myDesk.png */; };
		754DF35B24CEDACA0030B462 /* myDesk.jpg in Resources */ = {isa = PBXBuildFile; fileRef = 754DF35A24CEDACA0030B462 /* myDesk.jpg */; };
		7589F98024CEAF3D00EFD039 /* AppDelegate.m in Sources */ = {isa = PBXBuildFile; fileRef = 7589F97F24CEAF3D00EFD039 /* AppDelegate.m */; };
		7589F98324CEAF3D00EFD039 /* SceneDelegate.m in Sources */ = {isa = PBXBuildFile; fileRef = 7589F98224CEAF3D00EFD039 /* SceneDelegate.m */; };
		7589F98624CEAF3D00EFD039 /* ViewController.m in Sources */ = {isa = PBXBuildFile; fileRef = 7589F98524CEAF3D00EFD039 /* ViewController.m */; };
		7589F98924CEAF3D00EFD039 /* Main.storyboard in Resources */ = {isa = PBXBuildFile; fileRef = 7589F98724CEAF3D00EFD039 /* Main.storyboard */; };
		7589F98B24CEAF3F00EFD039 /* Assets.xcassets in Resources */ = {isa = PBXBuildFile; fileRef = 7589F98A24CEAF3F00EFD039 /* Assets.xcassets */; };
		7589F98E24CEAF3F00EFD039 /* LaunchScreen.storyboard in Resources */ = {isa = PBXBuildFile; fileRef = 7589F98C24CEAF3F00EFD039 /* LaunchScreen.storyboard */; };
		7589F99124CEAF3F00EFD039 /* main.m in Sources */ = {isa = PBXBuildFile; fileRef = 7589F99024CEAF3F00EFD039 /* main.m */; };
		75AB944C24CF118200E07190 /* shaderv.vsh in Resources */ = {isa = PBXBuildFile; fileRef = 75AB944B24CF118200E07190 /* shaderv.vsh */; };
		75AB944E24CF119900E07190 /* shaderv.fsh in Resources */ = {isa = PBXBuildFile; fileRef = 75AB944D24CF119900E07190 /* shaderv.fsh */; };
/* End PBXBuildFile section */

/* Begin PBXFileReference section */
		750FB41124D1A68300D42991 /* CCView.h */ = {isa = PBXFileReference; lastKnownFileType = sourcecode.c.h; path = CCView.h; sourceTree = "<group>"; };
		750FB41224D1A68300D42991 /* CCView.m */ = {isa = PBXFileReference; lastKnownFileType = sourcecode.c.objc; path = CCView.m; sourceTree = "<group>"; };
		754DF35624CED6DF0030B462 /* myDesk.png */ = {isa = PBXFileReference; lastKnownFileType = image.png; path = myDesk.png; sourceTree = "<group>"; };
		754DF35A24CEDACA0030B462 /* myDesk.jpg */ = {isa = PBXFileReference; lastKnownFileType = image.jpeg; path = myDesk.jpg; sourceTree = "<group>"; };
		7589F97B24CEAF3D00EFD039 /* OpenGL ES 001.app */ = {isa = PBXFileReference; explicitFileType = wrapper.application; includeInIndex = 0; path = "OpenGL ES 001.app"; sourceTree = BUILT_PRODUCTS_DIR; };
		7589F97E24CEAF3D00EFD039 /* AppDelegate.h */ = {isa = PBXFileReference; lastKnownFileType = sourcecode.c.h; path = AppDelegate.h; sourceTree = "<group>"; };
		7589F97F24CEAF3D00EFD039 /* AppDelegate.m */ = {isa = PBXFileReference; lastKnownFileType = sourcecode.c.objc; path = AppDelegate.m; sourceTree = "<group>"; };
		7589F98124CEAF3D00EFD039 /* SceneDelegate.h */ = {isa = PBXFileReference; lastKnownFileType = sourcecode.c.h; path = SceneDelegate.h; sourceTree = "<group>"; };
		7589F98224CEAF3D00EFD039 /* SceneDelegate.m */ = {isa = PBXFileReference; lastKnownFileType = sourcecode.c.objc; path = SceneDelegate.m; sourceTree = "<group>"; };
		7589F98424CEAF3D00EFD039 /* ViewController.h */ = {isa = PBXFileReference; lastKnownFileType = sourcecode.c.h; path = ViewController.h; sourceTree = "<group>"; };
		7589F98524CEAF3D00EFD039 /* ViewController.m */ = {isa = PBXFileReference; lastKnownFileType = sourcecode.c.objc; path = ViewController.m; sourceTree = "<group>"; };
		7589F98824CEAF3D00EFD039 /* Base */ = {isa = PBXFileReference; lastKnownFileType = file.storyboard; name = Base; path = Base.lproj/Main.storyboard; sourceTree = "<group>"; };
		7589F98A24CEAF3F00EFD039 /* Assets.xcassets */ = {isa = PBXFileReference; lastKnownFileType = folder.assetcatalog; path = Assets.xcassets; sourceTree = "<group>"; };
		7589F98D24CEAF3F00EFD039 /* Base */ = {isa = PBXFileReference; lastKnownFileType = file.storyboard; name = Base; path = Base.lproj/LaunchScreen.storyboard; sourceTree = "<group>"; };
		7589F98F24CEAF3F00EFD039 /* Info.plist */ = {isa = PBXFileReference; lastKnownFileType = text.plist.xml; path = Info.plist; sourceTree = "<group>"; };
		7589F99024CEAF3F00EFD039 /* main.m */ = {isa = PBXFileReference; lastKnownFileType = sourcecode.c.objc; path = main.m; sourceTree = "<group>"; };
		75AB944B24CF118200E07190 /* shaderv.vsh */ = {isa = PBXFileReference; lastKnownFileType = sourcecode.glsl; path = shaderv.vsh; sourceTree = "<group>"; };
		75AB944D24CF119900E07190 /* shaderv.fsh */ = {isa = PBXFileReference; lastKnownFileType = sourcecode.glsl; path = shaderv.fsh; sourceTree = "<group>"; };
/* End PBXFileReference section */

/* Begin PBXFrameworksBuildPhase section */
		7589F97824CEAF3D00EFD039 /* Frameworks */ = {
			isa = PBXFrameworksBuildPhase;
			buildActionMask = 2147483647;
			files = (
			);
			runOnlyForDeploymentPostprocessing = 0;
		};
/* End PBXFrameworksBuildPhase section */

/* Begin PBXGroup section */
		7589F97224CEAF3D00EFD039 = {
			isa = PBXGroup;
			children = (
				7589F97D24CEAF3D00EFD039 /* OpenGL ES 001 */,
				7589F97C24CEAF3D00EFD039 /* Products */,
			);
			sourceTree = "<group>";
		};
		7589F97C24CEAF3D00EFD039 /* Products */ = {
			isa = PBXGroup;
			children = (
				7589F97B24CEAF3D00EFD039 /* OpenGL ES 001.app */,
			);
			name = Products;
			sourceTree = "<group>";
		};
		7589F97D24CEAF3D00EFD039 /* OpenGL ES 001 */ = {
			isa = PBXGroup;
			children = (
				7589F97E24CEAF3D00EFD039 /* AppDelegate.h */,
				7589F97F24CEAF3D00EFD039 /* AppDelegate.m */,
				7589F98124CEAF3D00EFD039 /* SceneDelegate.h */,
				7589F98224CEAF3D00EFD039 /* SceneDelegate.m */,
				7589F98424CEAF3D00EFD039 /* ViewController.h */,
				7589F98524CEAF3D00EFD039 /* ViewController.m */,
				750FB41124D1A68300D42991 /* CCView.h */,
				750FB41224D1A68300D42991 /* CCView.m */,
				75AB944B24CF118200E07190 /* shaderv.vsh */,
				75AB944D24CF119900E07190 /* shaderv.fsh */,
				7589F98724CEAF3D00EFD039 /* Main.storyboard */,
				754DF35A24CEDACA0030B462 /* myDesk.jpg */,
				754DF35624CED6DF0030B462 /* myDesk.png */,
				7589F98A24CEAF3F00EFD039 /* Assets.xcassets */,
				7589F98C24CEAF3F00EFD039 /* LaunchScreen.storyboard */,
				7589F98F24CEAF3F00EFD039 /* Info.plist */,
				7589F99024CEAF3F00EFD039 /* main.m */,
			);
			path = "OpenGL ES 001";
			sourceTree = "<group>";
		};
/* End PBXGroup section */

/* Begin PBXNativeTarget section */
		7589F97A24CEAF3D00EFD039 /* OpenGL ES 001 */ = {
			isa = PBXNativeTarget;
			buildConfigurationList = 7589F99424CEAF3F00EFD039 /* Build configuration list for PBXNativeTarget "OpenGL ES 001" */;
			buildPhases = (
				7589F97724CEAF3D00EFD039 /* Sources */,
				7589F97824CEAF3D00EFD039 /* Frameworks */,
				7589F97924CEAF3D00EFD039 /* Resources */,
			);
			buildRules = (
			);
			dependencies = (
			);
			name = "OpenGL ES 001";
			productName = "OpenGL ES 001";
			productReference = 7589F97B24CEAF3D00EFD039 /* OpenGL ES 001.app */;
			productType = "com.apple.product-type.application";
		};
/* End PBXNativeTarget section */

/* Begin PBXProject section */
		7589F97324CEAF3D00EFD039 /* Project object */ = {
			isa = PBXProject;
			attributes = {
				LastUpgradeCheck = 1160;
				ORGANIZATIONNAME = China;
				TargetAttributes = {
					7589F97A24CEAF3D00EFD039 = {
						CreatedOnToolsVersion = 11.6;
					};
				};
			};
			buildConfigurationList = 7589F97624CEAF3D00EFD039 /* Build configuration list for PBXProject "OpenGL ES 001" */;
			compatibilityVersion = "Xcode 9.3";
			developmentRegion = en;
			hasScannedForEncodings = 0;
			knownRegions = (
				en,
				Base,
			);
			mainGroup = 7589F97224CEAF3D00EFD039;
			productRefGroup = 7589F97C24CEAF3D00EFD039 /* Products */;
			projectDirPath = "";
			projectRoot = "";
			targets = (
				7589F97A24CEAF3D00EFD039 /* OpenGL ES 001 */,
			);
		};
/* End PBXProject section */

/* Begin PBXResourcesBuildPhase section */
		7589F97924CEAF3D00EFD039 /* Resources */ = {
			isa = PBXResourcesBuildPhase;
			buildActionMask = 2147483647;
			files = (
				7589F98E24CEAF3F00EFD039 /* LaunchScreen.storyboard in Resources */,
				754DF35B24CEDACA0030B462 /* myDesk.jpg in Resources */,
				7589F98B24CEAF3F00EFD039 /* Assets.xcassets in Resources */,
				75AB944C24CF118200E07190 /* shaderv.vsh in Resources */,
				754DF35724CED6DF0030B462 /* myDesk.png in Resources */,
				75AB944E24CF119900E07190 /* shaderv.fsh in Resources */,
				7589F98924CEAF3D00EFD039 /* Main.storyboard in Resources */,
			);
			runOnlyForDeploymentPostprocessing = 0;
		};
/* End PBXResourcesBuildPhase section */

/* Begin PBXSourcesBuildPhase section */
		7589F97724CEAF3D00EFD039 /* Sources */ = {
			isa = PBXSourcesBuildPhase;
			buildActionMask = 2147483647;
			files = (
				7589F98624CEAF3D00EFD039 /* ViewController.m in Sources */,
				7589F98024CEAF3D00EFD039 /* AppDelegate.m in Sources */,
				7589F99124CEAF3F00EFD039 /* main.m in Sources */,
				7589F98324CEAF3D00EFD039 /* SceneDelegate.m in Sources */,
				750FB41324D1A68300D42991 /* CCView.m in Sources */,
			);
			runOnlyForDeploymentPostprocessing = 0;
		};
/* End PBXSourcesBuildPhase section */

/* Begin PBXVariantGroup section */
		7589F98724CEAF3D00EFD039 /* Main.storyboard */ = {
			isa = PBXVariantGroup;
			children = (
				7589F98824CEAF3D00EFD039 /* Base */,
			);
			name = Main.storyboard;
			sourceTree = "<group>";
		};
		7589F98C24CEAF3F00EFD039 /* LaunchScreen.storyboard */ = {
			isa = PBXVariantGroup;
			children = (
				7589F98D24CEAF3F00EFD039 /* Base */,
			);
			name = LaunchScreen.storyboard;
			sourceTree = "<group>";
		};
/* End PBXVariantGroup section */

/* Begin XCBuildConfiguration section */
		7589F99224CEAF3F00EFD039 /* Debug */ = {
			isa = XCBuildConfiguration;
			buildSettings = {
				ALWAYS_SEARCH_USER_PATHS = NO;
				CLANG_ANALYZER_NONNULL = YES;
				CLANG_ANALYZER_NUMBER_OBJECT_CONVERSION = YES_AGGRESSIVE;
				CLANG_CXX_LANGUAGE_STANDARD = "gnu++14";
				CLANG_CXX_LIBRARY = "libc++";
				CLANG_ENABLE_MODULES = YES;
				CLANG_ENABLE_OBJC_ARC = YES;
				CLANG_ENABLE_OBJC_WEAK = YES;
				CLANG_WARN_BLOCK_CAPTURE_AUTORELEASING = YES;
				CLANG_WARN_BOOL_CONVERSION = YES;
				CLANG_WARN_COMMA = YES;
				CLANG_WARN_CONSTANT_CONVERSION = YES;
				CLANG_WARN_DEPRECATED_OBJC_IMPLEMENTATIONS = YES;
				CLANG_WARN_DIRECT_OBJC_ISA_USAGE = YES_ERROR;
				CLANG_WARN_DOCUMENTATION_COMMENTS = YES;
				CLANG_WARN_EMPTY_BODY = YES;
				CLANG_WARN_ENUM_CONVERSION = YES;
				CLANG_WARN_INFINITE_RECURSION = YES;
				CLANG_WARN_INT_CONVERSION = YES;
				CLANG_WARN_NON_LITERAL_NULL_CONVERSION = YES;
				CLANG_WARN_OBJC_IMPLICIT_RETAIN_SELF = YES;
				CLANG_WARN_OBJC_LITERAL_CONVERSION = YES;
				CLANG_WARN_OBJC_ROOT_CLASS = YES_ERROR;
				CLANG_WARN_RANGE_LOOP_ANALYSIS = YES;
				CLANG_WARN_STRICT_PROTOTYPES = YES;
				CLANG_WARN_SUSPICIOUS_MOVE = YES;
				CLANG_WARN_UNGUARDED_AVAILABILITY = YES_AGGRESSIVE;
				CLANG_WARN_UNREACHABLE_CODE = YES;
				CLANG_WARN__DUPLICATE_METHOD_MATCH = YES;
				COPY_PHASE_STRIP = NO;
				DEBUG_INFORMATION_FORMAT = dwarf;
				ENABLE_STRICT_OBJC_MSGSEND = YES;
				ENABLE_TESTABILITY = YES;
				GCC_C_LANGUAGE_STANDARD = gnu11;
				GCC_DYNAMIC_NO_PIC = NO;
				GCC_NO_COMMON_BLOCKS = YES;
				GCC_OPTIMIZATION_LEVEL = 0;
				GCC_PREPROCESSOR_DEFINITIONS = (
					"DEBUG=1",
					"$(inherited)",
				);
				GCC_WARN_64_TO_32_BIT_CONVERSION = YES;
				GCC_WARN_ABOUT_RETURN_TYPE = YES_ERROR;
				GCC_WARN_UNDECLARED_SELECTOR = YES;
				GCC_WARN_UNINITIALIZED_AUTOS = YES_AGGRESSIVE;
				GCC_WARN_UNUSED_FUNCTION = YES;
				GCC_WARN_UNUSED_VARIABLE = YES;
				IPHONEOS_DEPLOYMENT_TARGET = 13.6;
				MTL_ENABLE_DEBUG_INFO = INCLUDE_SOURCE;
				MTL_FAST_MATH = YES;
				ONLY_ACTIVE_ARCH = YES;
				SDKROOT = iphoneos;
			};
			name = Debug;
		};
		7589F99324CEAF3F00EFD039 /* Release */ = {
			isa = XCBuildConfiguration;
			buildSettings = {
				ALWAYS_SEARCH_USER_PATHS = NO;
				CLANG_ANALYZER_NONNULL = YES;
				CLANG_ANALYZER_NUMBER_OBJECT_CONVERSION = YES_AGGRESSIVE;
				CLANG_CXX_LANGUAGE_STANDARD = "gnu++14";
				CLANG_CXX_LIBRARY = "libc++";
				CLANG_ENABLE_MODULES = YES;
				CLANG_ENABLE_OBJC_ARC = YES;
				CLANG_ENABLE_OBJC_WEAK = YES;
				CLANG_WARN_BLOCK_CAPTURE_AUTORELEASING = YES;
				CLANG_WARN_BOOL_CONVERSION = YES;
				CLANG_WARN_COMMA = YES;
				CLANG_WARN_CONSTANT_CONVERSION = YES;
				CLANG_WARN_DEPRECATED_OBJC_IMPLEMENTATIONS = YES;
				CLANG_WARN_DIRECT_OBJC_ISA_USAGE = YES_ERROR;
				CLANG_WARN_DOCUMENTATION_COMMENTS = YES;
				CLANG_WARN_EMPTY_BODY = YES;
				CLANG_WARN_ENUM_CONVERSION = YES;
				CLANG_WARN_INFINITE_RECURSION = YES;
				CLANG_WARN_INT_CONVERSION = YES;
				CLANG_WARN_NON_LITERAL_NULL_CONVERSION = YES;
				CLANG_WARN_OBJC_IMPLICIT_RETAIN_SELF = YES;
				CLANG_WARN_OBJC_LITERAL_CONVERSION = YES;
				CLANG_WARN_OBJC_ROOT_CLASS = YES_ERROR;
				CLANG_WARN_RANGE_LOOP_ANALYSIS = YES;
				CLANG_WARN_STRICT_PROTOTYPES = YES;
				CLANG_WARN_SUSPICIOUS_MOVE = YES;
				CLANG_WARN_UNGUARDED_AVAILABILITY = YES_AGGRESSIVE;
				CLANG_WARN_UNREACHABLE_CODE = YES;
				CLANG_WARN__DUPLICATE_METHOD_MATCH = YES;
				COPY_PHASE_STRIP = NO;
				DEBUG_INFORMATION_FORMAT = "dwarf-with-dsym";
				ENABLE_NS_ASSERTIONS = NO;
				ENABLE_STRICT_OBJC_MSGSEND = YES;
				GCC_C_LANGUAGE_STANDARD = gnu11;
				GCC_NO_COMMON_BLOCKS = YES;
				GCC_WARN_64_TO_32_BIT_CONVERSION = YES;
				GCC_WARN_ABOUT_RETURN_TYPE = YES_ERROR;
				GCC_WARN_UNDECLARED_SELECTOR = YES;
				GCC_WARN_UNINITIALIZED_AUTOS = YES_AGGRESSIVE;
				GCC_WARN_UNUSED_FUNCTION = YES;
				GCC_WARN_UNUSED_VARIABLE = YES;
				IPHONEOS_DEPLOYMENT_TARGET = 13.6;
				MTL_ENABLE_DEBUG_INFO = NO;
				MTL_FAST_MATH = YES;
				SDKROOT = iphoneos;
				VALIDATE_PRODUCT = YES;
			};
			name = Release;
		};
		7589F99524CEAF3F00EFD039 /* Debug */ = {
			isa = XCBuildConfiguration;
			buildSettings = {
				ASSETCATALOG_COMPILER_APPICON_NAME = AppIcon;
				CODE_SIGN_STYLE = Automatic;
				INFOPLIST_FILE = "OpenGL ES 001/Info.plist";
				LD_RUNPATH_SEARCH_PATHS = (
					"$(inherited)",
					"@executable_path/Frameworks",
				);
				PRODUCT_BUNDLE_IDENTIFIER = "ctair.china.OpenGL-ES-001";
				PRODUCT_NAME = "$(TARGET_NAME)";
				TARGETED_DEVICE_FAMILY = "1,2";
			};
			name = Debug;
		};
		7589F99624CEAF3F00EFD039 /* Release */ = {
			isa = XCBuildConfiguration;
			buildSettings = {
				ASSETCATALOG_COMPILER_APPICON_NAME = AppIcon;
				CODE_SIGN_STYLE = Automatic;
				INFOPLIST_FILE = "OpenGL ES 001/Info.plist";
				LD_RUNPATH_SEARCH_PATHS = (
					"$(inherited)",
					"@executable_path/Frameworks",
				);
				PRODUCT_BUNDLE_IDENTIFIER = "ctair.china.OpenGL-ES-001";
				PRODUCT_NAME = "$(TARGET_NAME)";
				TARGETED_DEVICE_FAMILY = "1,2";
			};
			name = Release;
		};
/* End XCBuildConfiguration section */

/* Begin XCConfigurationList section */
		7589F97624CEAF3D00EFD039 /* Build configuration list for PBXProject "OpenGL ES 001" */ = {
			isa = XCConfigurationList;
			buildConfigurations = (
				7589F99224CEAF3F00EFD039 /* Debug */,
				7589F99324CEAF3F00EFD039 /* Release */,
			);
			defaultConfigurationIsVisible = 0;
			defaultConfigurationName = Release;
		};
		7589F99424CEAF3F00EFD039 /* Build configuration list for PBXNativeTarget "OpenGL ES 001" */ = {
			isa = XCConfigurationList;
			buildConfigurations = (
				7589F99524CEAF3F00EFD039 /* Debug */,
				7589F99624CEAF3F00EFD039 /* Release */,
			);
			defaultConfigurationIsVisible = 0;
			defaultConfigurationName = Release;
		};
/* End XCConfigurationList section */
	};
	rootObject = 7589F97324CEAF3D00EFD039 /* Project object */;
}
